
Microsoft Visual Studio Solution File, Format Version 12.00
# Visual Studio Version 17
VisualStudioVersion = 17.14.36616.10 d17.14
MinimumVisualStudioVersion = 10.0.40219.1
Project("{FAE04EC0-301F-11D3-BF4B-00C04F79EFBC}") = "backend", "backend\backend.csproj", "{3BAA75D4-0429-4491-AF6A-15E5C0DF9135}"
EndProject
Global
	GlobalSection(SolutionConfigurationPlatforms) = preSolution
		Debug|Any CPU = Debug|Any CPU
		Release|Any CPU = Release|Any CPU
	EndGlobalSection
	GlobalSection(ProjectConfigurationPlatforms) = postSolution
		{3BAA75D4-0429-4491-AF6A-15E5C0DF9135}.Debug|Any CPU.ActiveCfg = Debug|Any CPU
		{3BAA75D4-0429-4491-AF6A-15E5C0DF9135}.Debug|Any CPU.Build.0 = Debug|Any CPU
		{3BAA75D4-0429-4491-AF6A-15E5C0DF9135}.Release|Any CPU.ActiveCfg = Release|Any CPU
		{3BAA75D4-0429-4491-AF6A-15E5C0DF9135}.Release|Any CPU.Build.0 = Release|Any CPU
	EndGlobalSection
	GlobalSection(SolutionProperties) = preSolution
		HideSolutionNode = FALSE
	EndGlobalSection
	GlobalSection(ExtensibilityGlobals) = postSolution
		SolutionGuid = {C82960D1-002D-43F0-AAF4-6A697CF0B339}
	EndGlobalSection
EndGlobal
